
Microsoft Visual Studio Solution File, Format Version 12.00
# Visual Studio Version 16
VisualStudioVersion = 16.0.29230.61
MinimumVisualStudioVersion = 15.0.26124.0
Project("{9A19103F-16F7-4668-BE54-9A1E7A4F7556}") = "Cqrs", "infrastructure\Cqrs\Cqrs.csproj", "{D4F84C7F-2E52-47E0-AF71-F8D6750CF757}"
EndProject
Project("{2150E333-8FDC-42A3-9474-1A3956D46DE8}") = "Infrastructure", "Infrastructure", "{A6D11E07-5485-4771-8A41-AE4820B49AA9}"
EndProject
Project("{9A19103F-16F7-4668-BE54-9A1E7A4F7556}") = "Auth", "infrastructure\Auth\Auth.csproj", "{FEAF3E7D-4689-4361-A0AA-D325D5B72F89}"
EndProject
Project("{2150E333-8FDC-42A3-9474-1A3956D46DE8}") = "Services", "Services", "{233DEDAF-E263-4618-A862-49D3A63F25AF}"
EndProject
Project("{9A19103F-16F7-4668-BE54-9A1E7A4F7556}") = "Tsp.AuthService", "src\Tsp.AuthService\Tsp.AuthService.csproj", "{50FD92D7-9160-47DC-AE55-726D4D572E1C}"
EndProject
Project("{9A19103F-16F7-4668-BE54-9A1E7A4F7556}") = "ElasticsearchSerilog", "infrastructure\ElasticsearchSerilog\ElasticsearchSerilog.csproj", "{7B2F6C16-0EBA-4C48-BD1E-6286605F0E12}"
EndProject
Project("{9A19103F-16F7-4668-BE54-9A1E7A4F7556}") = "ExceptionHandling", "infrastructure\ExceptionHandling\ExceptionHandling.csproj", "{2E50BB48-C75D-461E-BC26-3292C1AA822C}"
EndProject
Project("{9A19103F-16F7-4668-BE54-9A1E7A4F7556}") = "HealthCheck", "infrastructure\HealthCheck\HealthCheck.csproj", "{F63B42D5-4392-4F20-A966-52FC2D0F4441}"
EndProject
Project("{2150E333-8FDC-42A3-9474-1A3956D46DE8}") = "Docker", "Docker", "{A588EE43-C05B-43E1-B6FD-2BE9E9F92A58}"
	ProjectSection(SolutionItems) = preProject
		apps-develope-compose.yml = apps-develope-compose.yml
	EndProjectSection
EndProject
Project("{2150E333-8FDC-42A3-9474-1A3956D46DE8}") = "Scripts", "Scripts", "{7DFD42C5-2B78-43C3-8CA0-ABD35C86FEA4}"
	ProjectSection(SolutionItems) = preProject
		app-develop-stack.ps1 = app-develop-stack.ps1
	EndProjectSection
EndProject
Global
	GlobalSection(SolutionConfigurationPlatforms) = preSolution
		Debug|Any CPU = Debug|Any CPU
		Release|Any CPU = Release|Any CPU
	EndGlobalSection
	GlobalSection(ProjectConfigurationPlatforms) = postSolution
		{D4F84C7F-2E52-47E0-AF71-F8D6750CF757}.Debug|Any CPU.ActiveCfg = Debug|Any CPU
		{D4F84C7F-2E52-47E0-AF71-F8D6750CF757}.Debug|Any CPU.Build.0 = Debug|Any CPU
		{D4F84C7F-2E52-47E0-AF71-F8D6750CF757}.Release|Any CPU.ActiveCfg = Release|Any CPU
		{D4F84C7F-2E52-47E0-AF71-F8D6750CF757}.Release|Any CPU.Build.0 = Release|Any CPU
		{FEAF3E7D-4689-4361-A0AA-D325D5B72F89}.Debug|Any CPU.ActiveCfg = Debug|Any CPU
		{FEAF3E7D-4689-4361-A0AA-D325D5B72F89}.Debug|Any CPU.Build.0 = Debug|Any CPU
		{FEAF3E7D-4689-4361-A0AA-D325D5B72F89}.Release|Any CPU.ActiveCfg = Release|Any CPU
		{FEAF3E7D-4689-4361-A0AA-D325D5B72F89}.Release|Any CPU.Build.0 = Release|Any CPU
		{50FD92D7-9160-47DC-AE55-726D4D572E1C}.Debug|Any CPU.ActiveCfg = Debug|Any CPU
		{50FD92D7-9160-47DC-AE55-726D4D572E1C}.Debug|Any CPU.Build.0 = Debug|Any CPU
		{50FD92D7-9160-47DC-AE55-726D4D572E1C}.Release|Any CPU.ActiveCfg = Release|Any CPU
		{50FD92D7-9160-47DC-AE55-726D4D572E1C}.Release|Any CPU.Build.0 = Release|Any CPU
		{7B2F6C16-0EBA-4C48-BD1E-6286605F0E12}.Debug|Any CPU.ActiveCfg = Debug|Any CPU
		{7B2F6C16-0EBA-4C48-BD1E-6286605F0E12}.Debug|Any CPU.Build.0 = Debug|Any CPU
		{7B2F6C16-0EBA-4C48-BD1E-6286605F0E12}.Release|Any CPU.ActiveCfg = Release|Any CPU
		{7B2F6C16-0EBA-4C48-BD1E-6286605F0E12}.Release|Any CPU.Build.0 = Release|Any CPU
		{2E50BB48-C75D-461E-BC26-3292C1AA822C}.Debug|Any CPU.ActiveCfg = Debug|Any CPU
		{2E50BB48-C75D-461E-BC26-3292C1AA822C}.Debug|Any CPU.Build.0 = Debug|Any CPU
		{2E50BB48-C75D-461E-BC26-3292C1AA822C}.Release|Any CPU.ActiveCfg = Release|Any CPU
		{2E50BB48-C75D-461E-BC26-3292C1AA822C}.Release|Any CPU.Build.0 = Release|Any CPU
		{F63B42D5-4392-4F20-A966-52FC2D0F4441}.Debug|Any CPU.ActiveCfg = Debug|Any CPU
		{F63B42D5-4392-4F20-A966-52FC2D0F4441}.Debug|Any CPU.Build.0 = Debug|Any CPU
		{F63B42D5-4392-4F20-A966-52FC2D0F4441}.Release|Any CPU.ActiveCfg = Release|Any CPU
		{F63B42D5-4392-4F20-A966-52FC2D0F4441}.Release|Any CPU.Build.0 = Release|Any CPU
	EndGlobalSection
	GlobalSection(SolutionProperties) = preSolution
		HideSolutionNode = FALSE
	EndGlobalSection
	GlobalSection(NestedProjects) = preSolution
		{D4F84C7F-2E52-47E0-AF71-F8D6750CF757} = {A6D11E07-5485-4771-8A41-AE4820B49AA9}
		{FEAF3E7D-4689-4361-A0AA-D325D5B72F89} = {A6D11E07-5485-4771-8A41-AE4820B49AA9}
		{50FD92D7-9160-47DC-AE55-726D4D572E1C} = {233DEDAF-E263-4618-A862-49D3A63F25AF}
		{7B2F6C16-0EBA-4C48-BD1E-6286605F0E12} = {A6D11E07-5485-4771-8A41-AE4820B49AA9}
		{2E50BB48-C75D-461E-BC26-3292C1AA822C} = {A6D11E07-5485-4771-8A41-AE4820B49AA9}
		{F63B42D5-4392-4F20-A966-52FC2D0F4441} = {A6D11E07-5485-4771-8A41-AE4820B49AA9}
		{7DFD42C5-2B78-43C3-8CA0-ABD35C86FEA4} = {A588EE43-C05B-43E1-B6FD-2BE9E9F92A58}
	EndGlobalSection
	GlobalSection(ExtensibilityGlobals) = postSolution
		SolutionGuid = {BB0B53A2-230F-4C9F-86BF-5F88242910F7}
	EndGlobalSection
EndGlobal
