
Microsoft Visual Studio Solution File, Format Version 12.00
# Visual Studio Version 16
VisualStudioVersion = 16.0.29230.61
MinimumVisualStudioVersion = 15.0.26124.0
Project("{2150E333-8FDC-42A3-9474-1A3956D46DE8}") = "Infrastructure", "Infrastructure", "{A6D11E07-5485-4771-8A41-AE4820B49AA9}"
EndProject
Project("{2150E333-8FDC-42A3-9474-1A3956D46DE8}") = "Services", "Services", "{233DEDAF-E263-4618-A862-49D3A63F25AF}"
EndProject
Project("{9A19103F-16F7-4668-BE54-9A1E7A4F7556}") = "Tsp.AuthService", "src\Tsp.AuthService\Tsp.AuthService.csproj", "{50FD92D7-9160-47DC-AE55-726D4D572E1C}"
EndProject
Project("{2150E333-8FDC-42A3-9474-1A3956D46DE8}") = "Docker", "Docker", "{A588EE43-C05B-43E1-B6FD-2BE9E9F92A58}"
	ProjectSection(SolutionItems) = preProject
		apps-develope-compose.yml = apps-develope-compose.yml
	EndProjectSection
EndProject
Project("{2150E333-8FDC-42A3-9474-1A3956D46DE8}") = "Scripts", "Scripts", "{7DFD42C5-2B78-43C3-8CA0-ABD35C86FEA4}"
	ProjectSection(SolutionItems) = preProject
		app-develop-stack.ps1 = app-develop-stack.ps1
	EndProjectSection
EndProject
Project("{9A19103F-16F7-4668-BE54-9A1E7A4F7556}") = "Auth", "src\infrastructure\Auth\Auth.csproj", "{8D75A5D2-30A4-4501-A8BA-2550D74DD3DA}"
EndProject
Project("{9A19103F-16F7-4668-BE54-9A1E7A4F7556}") = "ElasticsearchSerilog", "src\infrastructure\ElasticsearchSerilog\ElasticsearchSerilog.csproj", "{66D0ED44-8868-403B-8982-A89D5B3B7ECD}"
EndProject
Project("{9A19103F-16F7-4668-BE54-9A1E7A4F7556}") = "ExceptionHandling", "src\infrastructure\ExceptionHandling\ExceptionHandling.csproj", "{8D84F218-8C7C-4D89-83E8-AF00F7032FE2}"
EndProject
Project("{9A19103F-16F7-4668-BE54-9A1E7A4F7556}") = "HealthCheck", "src\infrastructure\HealthCheck\HealthCheck.csproj", "{F1C47167-D0C5-4191-BFA3-A7BFA4B811C6}"
EndProject
Project("{9A19103F-16F7-4668-BE54-9A1E7A4F7556}") = "Swagger", "src\infrastructure\Swagger\Swagger.csproj", "{04109206-E325-4D19-9523-444B66CD218F}"
EndProject
Global
	GlobalSection(SolutionConfigurationPlatforms) = preSolution
		Debug|Any CPU = Debug|Any CPU
		Release|Any CPU = Release|Any CPU
	EndGlobalSection
	GlobalSection(ProjectConfigurationPlatforms) = postSolution
		{50FD92D7-9160-47DC-AE55-726D4D572E1C}.Debug|Any CPU.ActiveCfg = Debug|Any CPU
		{50FD92D7-9160-47DC-AE55-726D4D572E1C}.Debug|Any CPU.Build.0 = Debug|Any CPU
		{50FD92D7-9160-47DC-AE55-726D4D572E1C}.Release|Any CPU.ActiveCfg = Release|Any CPU
		{50FD92D7-9160-47DC-AE55-726D4D572E1C}.Release|Any CPU.Build.0 = Release|Any CPU
		{8D75A5D2-30A4-4501-A8BA-2550D74DD3DA}.Debug|Any CPU.ActiveCfg = Debug|Any CPU
		{8D75A5D2-30A4-4501-A8BA-2550D74DD3DA}.Debug|Any CPU.Build.0 = Debug|Any CPU
		{8D75A5D2-30A4-4501-A8BA-2550D74DD3DA}.Release|Any CPU.ActiveCfg = Release|Any CPU
		{8D75A5D2-30A4-4501-A8BA-2550D74DD3DA}.Release|Any CPU.Build.0 = Release|Any CPU
		{66D0ED44-8868-403B-8982-A89D5B3B7ECD}.Debug|Any CPU.ActiveCfg = Debug|Any CPU
		{66D0ED44-8868-403B-8982-A89D5B3B7ECD}.Debug|Any CPU.Build.0 = Debug|Any CPU
		{66D0ED44-8868-403B-8982-A89D5B3B7ECD}.Release|Any CPU.ActiveCfg = Release|Any CPU
		{66D0ED44-8868-403B-8982-A89D5B3B7ECD}.Release|Any CPU.Build.0 = Release|Any CPU
		{8D84F218-8C7C-4D89-83E8-AF00F7032FE2}.Debug|Any CPU.ActiveCfg = Debug|Any CPU
		{8D84F218-8C7C-4D89-83E8-AF00F7032FE2}.Debug|Any CPU.Build.0 = Debug|Any CPU
		{8D84F218-8C7C-4D89-83E8-AF00F7032FE2}.Release|Any CPU.ActiveCfg = Release|Any CPU
		{8D84F218-8C7C-4D89-83E8-AF00F7032FE2}.Release|Any CPU.Build.0 = Release|Any CPU
		{F1C47167-D0C5-4191-BFA3-A7BFA4B811C6}.Debug|Any CPU.ActiveCfg = Debug|Any CPU
		{F1C47167-D0C5-4191-BFA3-A7BFA4B811C6}.Debug|Any CPU.Build.0 = Debug|Any CPU
		{F1C47167-D0C5-4191-BFA3-A7BFA4B811C6}.Release|Any CPU.ActiveCfg = Release|Any CPU
		{F1C47167-D0C5-4191-BFA3-A7BFA4B811C6}.Release|Any CPU.Build.0 = Release|Any CPU
		{04109206-E325-4D19-9523-444B66CD218F}.Debug|Any CPU.ActiveCfg = Debug|Any CPU
		{04109206-E325-4D19-9523-444B66CD218F}.Debug|Any CPU.Build.0 = Debug|Any CPU
		{04109206-E325-4D19-9523-444B66CD218F}.Release|Any CPU.ActiveCfg = Release|Any CPU
		{04109206-E325-4D19-9523-444B66CD218F}.Release|Any CPU.Build.0 = Release|Any CPU
	EndGlobalSection
	GlobalSection(SolutionProperties) = preSolution
		HideSolutionNode = FALSE
	EndGlobalSection
	GlobalSection(NestedProjects) = preSolution
		{50FD92D7-9160-47DC-AE55-726D4D572E1C} = {233DEDAF-E263-4618-A862-49D3A63F25AF}
		{7DFD42C5-2B78-43C3-8CA0-ABD35C86FEA4} = {A588EE43-C05B-43E1-B6FD-2BE9E9F92A58}
		{8D75A5D2-30A4-4501-A8BA-2550D74DD3DA} = {A6D11E07-5485-4771-8A41-AE4820B49AA9}
		{66D0ED44-8868-403B-8982-A89D5B3B7ECD} = {A6D11E07-5485-4771-8A41-AE4820B49AA9}
		{8D84F218-8C7C-4D89-83E8-AF00F7032FE2} = {A6D11E07-5485-4771-8A41-AE4820B49AA9}
		{F1C47167-D0C5-4191-BFA3-A7BFA4B811C6} = {A6D11E07-5485-4771-8A41-AE4820B49AA9}
		{04109206-E325-4D19-9523-444B66CD218F} = {A6D11E07-5485-4771-8A41-AE4820B49AA9}
	EndGlobalSection
	GlobalSection(ExtensibilityGlobals) = postSolution
		SolutionGuid = {BB0B53A2-230F-4C9F-86BF-5F88242910F7}
	EndGlobalSection
EndGlobal
